# This file is autogenerated, do not edit; changes may be undone by the next 'dep ensure'.


[[projects]]
  branch = "master"
  name = "github.com/cheekybits/genny"
  packages = [".","parse"]
  revision = "9127e812e1e9e501ce899a18121d316ecb52e4ba"

[[projects]]
  branch = "master"
  name = "golang.org/x/tools"
  packages = ["go/ast/astutil","imports"]
  revision = "6d70fb2e85323e81c89374331d3d2b93304faa36"

[solve-meta]
  analyzer-name = "dep"
  analyzer-version = 1
  inputs-digest = "dccaf494752557be527d85497a8dcd0171d99fc3979b34eecef37a14b1c6a953"
  solver-name = "gps-cdcl"
  solver-version = 1
